
Microsoft Visual Studio Solution File, Format Version 12.00
# Visual Studio 15
VisualStudioVersion = 15.0.27004.2008
MinimumVisualStudioVersion = 10.0.40219.1
Project("{FAE04EC0-301F-11D3-BF4B-00C04F79EFBC}") = "PoJun.Dapper.Repository", "PoJun.Dapper.Repository\PoJun.Dapper.Repository.csproj", "{D9BE7DC5-47D5-452A-96B8-671754F2AAAD}"
EndProject
Global
	GlobalSection(SolutionConfigurationPlatforms) = preSolution
		Debug|Any CPU = Debug|Any CPU
		Release|Any CPU = Release|Any CPU
	EndGlobalSection
	GlobalSection(ProjectConfigurationPlatforms) = postSolution
		{D9BE7DC5-47D5-452A-96B8-671754F2AAAD}.Debug|Any CPU.ActiveCfg = Debug|Any CPU
		{D9BE7DC5-47D5-452A-96B8-671754F2AAAD}.Debug|Any CPU.Build.0 = Debug|Any CPU
		{D9BE7DC5-47D5-452A-96B8-671754F2AAAD}.Release|Any CPU.ActiveCfg = Release|Any CPU
		{D9BE7DC5-47D5-452A-96B8-671754F2AAAD}.Release|Any CPU.Build.0 = Release|Any CPU
	EndGlobalSection
	GlobalSection(SolutionProperties) = preSolution
		HideSolutionNode = FALSE
	EndGlobalSection
	GlobalSection(ExtensibilityGlobals) = postSolution
		SolutionGuid = {6492B233-5BCD-45E9-9D0C-E9CA5C0A8EE3}
	EndGlobalSection
EndGlobal
