
Microsoft Visual Studio Solution File, Format Version 12.00
# Visual Studio 15
VisualStudioVersion = 15.0.27130.2010
MinimumVisualStudioVersion = 10.0.40219.1
Project("{FAE04EC0-301F-11D3-BF4B-00C04F79EFBC}") = "PoJun.Dapper.Repository", "NetFramework\PoJun.Dapper.Repository\PoJun.Dapper.Repository.csproj", "{D9BE7DC5-47D5-452A-96B8-671754F2AAAD}"
EndProject
Project("{2150E333-8FDC-42A3-9474-1A3956D46DE8}") = "Standard2.0", "Standard2.0", "{7E8A5103-A444-4176-90C5-4DE3B0F9C2B2}"
EndProject
Project("{2150E333-8FDC-42A3-9474-1A3956D46DE8}") = "NetFramework", "NetFramework", "{7765CF68-5ADB-46EA-9479-DEC3033C7E15}"
EndProject
Project("{9A19103F-16F7-4668-BE54-9A1E7A4F7556}") = "PoJun.Dapper", "Standard2.0\PoJun.Dapper\PoJun.Dapper.csproj", "{709B3827-0E26-4FED-B083-2876C94D5856}"
EndProject
Global
	GlobalSection(SolutionConfigurationPlatforms) = preSolution
		Debug|Any CPU = Debug|Any CPU
		Release|Any CPU = Release|Any CPU
	EndGlobalSection
	GlobalSection(ProjectConfigurationPlatforms) = postSolution
		{D9BE7DC5-47D5-452A-96B8-671754F2AAAD}.Debug|Any CPU.ActiveCfg = Debug|Any CPU
		{D9BE7DC5-47D5-452A-96B8-671754F2AAAD}.Debug|Any CPU.Build.0 = Debug|Any CPU
		{D9BE7DC5-47D5-452A-96B8-671754F2AAAD}.Release|Any CPU.ActiveCfg = Release|Any CPU
		{D9BE7DC5-47D5-452A-96B8-671754F2AAAD}.Release|Any CPU.Build.0 = Release|Any CPU
		{709B3827-0E26-4FED-B083-2876C94D5856}.Debug|Any CPU.ActiveCfg = Debug|Any CPU
		{709B3827-0E26-4FED-B083-2876C94D5856}.Debug|Any CPU.Build.0 = Debug|Any CPU
		{709B3827-0E26-4FED-B083-2876C94D5856}.Release|Any CPU.ActiveCfg = Release|Any CPU
		{709B3827-0E26-4FED-B083-2876C94D5856}.Release|Any CPU.Build.0 = Release|Any CPU
	EndGlobalSection
	GlobalSection(SolutionProperties) = preSolution
		HideSolutionNode = FALSE
	EndGlobalSection
	GlobalSection(NestedProjects) = preSolution
		{D9BE7DC5-47D5-452A-96B8-671754F2AAAD} = {7765CF68-5ADB-46EA-9479-DEC3033C7E15}
		{709B3827-0E26-4FED-B083-2876C94D5856} = {7E8A5103-A444-4176-90C5-4DE3B0F9C2B2}
	EndGlobalSection
	GlobalSection(ExtensibilityGlobals) = postSolution
		SolutionGuid = {6492B233-5BCD-45E9-9D0C-E9CA5C0A8EE3}
	EndGlobalSection
EndGlobal
